// !$*UTF8*$!
{
	archiveVersion = 1;
	classes = {
	};
	objectVersion = 55;
	objects = {

/* Begin PBXBuildFile section */
		54B8EAC59D56319ACDF66A91 /* Pods_ToDoListSMDTests.framework in Frameworks */ = {isa = PBXBuildFile; fileRef = 875CF0E35A34F8FCD8D084AC /* Pods_ToDoListSMDTests.framework */; };
		7AE6E7DBBA1476AA4160246A /* Pods_ToDoListSMD.framework in Frameworks */ = {isa = PBXBuildFile; fileRef = 8FF6337B9C557601BDC7AEEF /* Pods_ToDoListSMD.framework */; };
		A82056AC289FEBE100738AE1 /* Extension + UIImage.swift in Sources */ = {isa = PBXBuildFile; fileRef = A82056AB289FEBE100738AE1 /* Extension + UIImage.swift */; };
		A87F2F34289113880079713C /* FileCache.swift in Sources */ = {isa = PBXBuildFile; fileRef = A87F2F33289113880079713C /* FileCache.swift */; };
		A8A253D028A8057A0036A107 /* LogFormatter.swift in Sources */ = {isa = PBXBuildFile; fileRef = A8A253CF28A8057A0036A107 /* LogFormatter.swift */; };
		A8A6E2532896F89200CEFEEF /* DeadLineCell.swift in Sources */ = {isa = PBXBuildFile; fileRef = A8A6E24E2896F89200CEFEEF /* DeadLineCell.swift */; };
		A8A6E2542896F89200CEFEEF /* CalendarCell.swift in Sources */ = {isa = PBXBuildFile; fileRef = A8A6E24F2896F89200CEFEEF /* CalendarCell.swift */; };
		A8A6E2552896F89200CEFEEF /* BaseCell.swift in Sources */ = {isa = PBXBuildFile; fileRef = A8A6E2502896F89200CEFEEF /* BaseCell.swift */; };
		A8A6E2562896F89200CEFEEF /* ImportanceCell.swift in Sources */ = {isa = PBXBuildFile; fileRef = A8A6E2512896F89200CEFEEF /* ImportanceCell.swift */; };
		A8A6E2572896F89200CEFEEF /* DetailViewController.swift in Sources */ = {isa = PBXBuildFile; fileRef = A8A6E2522896F89200CEFEEF /* DetailViewController.swift */; };
		A8A6E25A2896F8F800CEFEEF /* Extension + UIColor.swift in Sources */ = {isa = PBXBuildFile; fileRef = A8A6E2592896F8F800CEFEEF /* Extension + UIColor.swift */; };
		A8A6E25C28970F5300CEFEEF /* Extension + DateFormatter.swift in Sources */ = {isa = PBXBuildFile; fileRef = A8A6E25B28970F5300CEFEEF /* Extension + DateFormatter.swift */; };
		A8ADE1CB289D8EA6000FFBA3 /* CellType.swift in Sources */ = {isa = PBXBuildFile; fileRef = A8ADE1CA289D8EA6000FFBA3 /* CellType.swift */; };
		A8ADE1CD289D8F65000FFBA3 /* Extension + UITableViewCell.swift in Sources */ = {isa = PBXBuildFile; fileRef = A8ADE1CC289D8F65000FFBA3 /* Extension + UITableViewCell.swift */; };
		A8ADE1D1289D99EB000FFBA3 /* Extension + UIFont.swift in Sources */ = {isa = PBXBuildFile; fileRef = A8ADE1D0289D99EB000FFBA3 /* Extension + UIFont.swift */; };
		A8B5CE7C289FB19500F2CDFC /* ListViewController.swift in Sources */ = {isa = PBXBuildFile; fileRef = A8B5CE7B289FB19500F2CDFC /* ListViewController.swift */; };
		A8B5CE7E289FB1E300F2CDFC /* ListViewModel.swift in Sources */ = {isa = PBXBuildFile; fileRef = A8B5CE7D289FB1E300F2CDFC /* ListViewModel.swift */; };
		A8B5CE81289FB21D00F2CDFC /* ListCell.swift in Sources */ = {isa = PBXBuildFile; fileRef = A8B5CE80289FB21D00F2CDFC /* ListCell.swift */; };
		A8C18025289013120085E331 /* AppDelegate.swift in Sources */ = {isa = PBXBuildFile; fileRef = A8C18024289013120085E331 /* AppDelegate.swift */; };
		A8C1802E289013130085E331 /* Assets.xcassets in Resources */ = {isa = PBXBuildFile; fileRef = A8C1802D289013130085E331 /* Assets.xcassets */; };
		A8C18031289013130085E331 /* LaunchScreen.storyboard in Resources */ = {isa = PBXBuildFile; fileRef = A8C1802F289013130085E331 /* LaunchScreen.storyboard */; };
		A8C1803C289013130085E331 /* ToDoListSMDTests.swift in Sources */ = {isa = PBXBuildFile; fileRef = A8C1803B289013130085E331 /* ToDoListSMDTests.swift */; };
		A8C18046289013130085E331 /* ToDoListSMDUITests.swift in Sources */ = {isa = PBXBuildFile; fileRef = A8C18045289013130085E331 /* ToDoListSMDUITests.swift */; };
		A8C18048289013130085E331 /* ToDoListSMDUITestsLaunchTests.swift in Sources */ = {isa = PBXBuildFile; fileRef = A8C18047289013130085E331 /* ToDoListSMDUITestsLaunchTests.swift */; };
		A8C1805D289017360085E331 /* TodoItem.swift in Sources */ = {isa = PBXBuildFile; fileRef = A8C1805C289017360085E331 /* TodoItem.swift */; };
		A8D1BF58289970AB00E35E4C /* DetailViewModel.swift in Sources */ = {isa = PBXBuildFile; fileRef = A8D1BF57289970AB00E35E4C /* DetailViewModel.swift */; };
		E29A392DAA26BB9F397BB2A5 /* Pods_ToDoListSMDUITests.framework in Frameworks */ = {isa = PBXBuildFile; fileRef = 10FA9730941CD45170F96F1E /* Pods_ToDoListSMDUITests.framework */; };
/* End PBXBuildFile section */

/* Begin PBXContainerItemProxy section */
		A8C18038289013130085E331 /* PBXContainerItemProxy */ = {
			isa = PBXContainerItemProxy;
			containerPortal = A8C18019289013110085E331 /* Project object */;
			proxyType = 1;
			remoteGlobalIDString = A8C18020289013120085E331;
			remoteInfo = ToDoListSMD;
		};
		A8C18042289013130085E331 /* PBXContainerItemProxy */ = {
			isa = PBXContainerItemProxy;
			containerPortal = A8C18019289013110085E331 /* Project object */;
			proxyType = 1;
			remoteGlobalIDString = A8C18020289013120085E331;
			remoteInfo = ToDoListSMD;
		};
/* End PBXContainerItemProxy section */

/* Begin PBXFileReference section */
		10FA9730941CD45170F96F1E /* Pods_ToDoListSMDUITests.framework */ = {isa = PBXFileReference; explicitFileType = wrapper.framework; includeInIndex = 0; path = Pods_ToDoListSMDUITests.framework; sourceTree = BUILT_PRODUCTS_DIR; };
		174E55AAB9BB4CD59344C57C /* Pods-ToDoListSMDUITests.debug.xcconfig */ = {isa = PBXFileReference; includeInIndex = 1; lastKnownFileType = text.xcconfig; name = "Pods-ToDoListSMDUITests.debug.xcconfig"; path = "Target Support Files/Pods-ToDoListSMDUITests/Pods-ToDoListSMDUITests.debug.xcconfig"; sourceTree = "<group>"; };
		5BE1A31868A90A926922E97F /* Pods-ToDoListSMD-ToDoListSMDUITests.debug.xcconfig */ = {isa = PBXFileReference; includeInIndex = 1; lastKnownFileType = text.xcconfig; name = "Pods-ToDoListSMD-ToDoListSMDUITests.debug.xcconfig"; path = "Target Support Files/Pods-ToDoListSMD-ToDoListSMDUITests/Pods-ToDoListSMD-ToDoListSMDUITests.debug.xcconfig"; sourceTree = "<group>"; };
		5F3B41E4EF19AB9DB721B80D /* Pods-ToDoListSMDTests.debug.xcconfig */ = {isa = PBXFileReference; includeInIndex = 1; lastKnownFileType = text.xcconfig; name = "Pods-ToDoListSMDTests.debug.xcconfig"; path = "Target Support Files/Pods-ToDoListSMDTests/Pods-ToDoListSMDTests.debug.xcconfig"; sourceTree = "<group>"; };
		875CF0E35A34F8FCD8D084AC /* Pods_ToDoListSMDTests.framework */ = {isa = PBXFileReference; explicitFileType = wrapper.framework; includeInIndex = 0; path = Pods_ToDoListSMDTests.framework; sourceTree = BUILT_PRODUCTS_DIR; };
		8FF6337B9C557601BDC7AEEF /* Pods_ToDoListSMD.framework */ = {isa = PBXFileReference; explicitFileType = wrapper.framework; includeInIndex = 0; path = Pods_ToDoListSMD.framework; sourceTree = BUILT_PRODUCTS_DIR; };
		94AB854A0CBB2801E4F0E518 /* Pods-ToDoListSMDUITests.release.xcconfig */ = {isa = PBXFileReference; includeInIndex = 1; lastKnownFileType = text.xcconfig; name = "Pods-ToDoListSMDUITests.release.xcconfig"; path = "Target Support Files/Pods-ToDoListSMDUITests/Pods-ToDoListSMDUITests.release.xcconfig"; sourceTree = "<group>"; };
		A82056AB289FEBE100738AE1 /* Extension + UIImage.swift */ = {isa = PBXFileReference; lastKnownFileType = sourcecode.swift; path = "Extension + UIImage.swift"; sourceTree = "<group>"; };
		A87F2F33289113880079713C /* FileCache.swift */ = {isa = PBXFileReference; lastKnownFileType = sourcecode.swift; path = FileCache.swift; sourceTree = "<group>"; };
		A8A253CF28A8057A0036A107 /* LogFormatter.swift */ = {isa = PBXFileReference; lastKnownFileType = sourcecode.swift; path = LogFormatter.swift; sourceTree = "<group>"; };
		A8A6E24E2896F89200CEFEEF /* DeadLineCell.swift */ = {isa = PBXFileReference; fileEncoding = 4; lastKnownFileType = sourcecode.swift; path = DeadLineCell.swift; sourceTree = "<group>"; };
		A8A6E24F2896F89200CEFEEF /* CalendarCell.swift */ = {isa = PBXFileReference; fileEncoding = 4; lastKnownFileType = sourcecode.swift; path = CalendarCell.swift; sourceTree = "<group>"; };
		A8A6E2502896F89200CEFEEF /* BaseCell.swift */ = {isa = PBXFileReference; fileEncoding = 4; lastKnownFileType = sourcecode.swift; path = BaseCell.swift; sourceTree = "<group>"; };
		A8A6E2512896F89200CEFEEF /* ImportanceCell.swift */ = {isa = PBXFileReference; fileEncoding = 4; lastKnownFileType = sourcecode.swift; path = ImportanceCell.swift; sourceTree = "<group>"; };
		A8A6E2522896F89200CEFEEF /* DetailViewController.swift */ = {isa = PBXFileReference; fileEncoding = 4; lastKnownFileType = sourcecode.swift; path = DetailViewController.swift; sourceTree = "<group>"; };
		A8A6E2592896F8F800CEFEEF /* Extension + UIColor.swift */ = {isa = PBXFileReference; fileEncoding = 4; lastKnownFileType = sourcecode.swift; path = "Extension + UIColor.swift"; sourceTree = "<group>"; };
		A8A6E25B28970F5300CEFEEF /* Extension + DateFormatter.swift */ = {isa = PBXFileReference; lastKnownFileType = sourcecode.swift; path = "Extension + DateFormatter.swift"; sourceTree = "<group>"; };
		A8ADE1CA289D8EA6000FFBA3 /* CellType.swift */ = {isa = PBXFileReference; lastKnownFileType = sourcecode.swift; path = CellType.swift; sourceTree = "<group>"; };
		A8ADE1CC289D8F65000FFBA3 /* Extension + UITableViewCell.swift */ = {isa = PBXFileReference; lastKnownFileType = sourcecode.swift; path = "Extension + UITableViewCell.swift"; sourceTree = "<group>"; };
		A8ADE1D0289D99EB000FFBA3 /* Extension + UIFont.swift */ = {isa = PBXFileReference; lastKnownFileType = sourcecode.swift; path = "Extension + UIFont.swift"; sourceTree = "<group>"; };
		A8B5CE7B289FB19500F2CDFC /* ListViewController.swift */ = {isa = PBXFileReference; lastKnownFileType = sourcecode.swift; path = ListViewController.swift; sourceTree = "<group>"; };
		A8B5CE7D289FB1E300F2CDFC /* ListViewModel.swift */ = {isa = PBXFileReference; lastKnownFileType = sourcecode.swift; path = ListViewModel.swift; sourceTree = "<group>"; };
		A8B5CE80289FB21D00F2CDFC /* ListCell.swift */ = {isa = PBXFileReference; lastKnownFileType = sourcecode.swift; path = ListCell.swift; sourceTree = "<group>"; };
		A8C18021289013120085E331 /* ToDoListSMD.app */ = {isa = PBXFileReference; explicitFileType = wrapper.application; includeInIndex = 0; path = ToDoListSMD.app; sourceTree = BUILT_PRODUCTS_DIR; };
		A8C18024289013120085E331 /* AppDelegate.swift */ = {isa = PBXFileReference; lastKnownFileType = sourcecode.swift; path = AppDelegate.swift; sourceTree = "<group>"; };
		A8C1802D289013130085E331 /* Assets.xcassets */ = {isa = PBXFileReference; lastKnownFileType = folder.assetcatalog; path = Assets.xcassets; sourceTree = "<group>"; };
		A8C18030289013130085E331 /* Base */ = {isa = PBXFileReference; lastKnownFileType = file.storyboard; name = Base; path = Base.lproj/LaunchScreen.storyboard; sourceTree = "<group>"; };
		A8C18032289013130085E331 /* Info.plist */ = {isa = PBXFileReference; lastKnownFileType = text.plist.xml; path = Info.plist; sourceTree = "<group>"; };
		A8C18037289013130085E331 /* ToDoListSMDTests.xctest */ = {isa = PBXFileReference; explicitFileType = wrapper.cfbundle; includeInIndex = 0; path = ToDoListSMDTests.xctest; sourceTree = BUILT_PRODUCTS_DIR; };
		A8C1803B289013130085E331 /* ToDoListSMDTests.swift */ = {isa = PBXFileReference; lastKnownFileType = sourcecode.swift; path = ToDoListSMDTests.swift; sourceTree = "<group>"; };
		A8C18041289013130085E331 /* ToDoListSMDUITests.xctest */ = {isa = PBXFileReference; explicitFileType = wrapper.cfbundle; includeInIndex = 0; path = ToDoListSMDUITests.xctest; sourceTree = BUILT_PRODUCTS_DIR; };
		A8C18045289013130085E331 /* ToDoListSMDUITests.swift */ = {isa = PBXFileReference; lastKnownFileType = sourcecode.swift; path = ToDoListSMDUITests.swift; sourceTree = "<group>"; };
		A8C18047289013130085E331 /* ToDoListSMDUITestsLaunchTests.swift */ = {isa = PBXFileReference; lastKnownFileType = sourcecode.swift; path = ToDoListSMDUITestsLaunchTests.swift; sourceTree = "<group>"; };
		A8C1805C289017360085E331 /* TodoItem.swift */ = {isa = PBXFileReference; lastKnownFileType = sourcecode.swift; path = TodoItem.swift; sourceTree = "<group>"; };
		A8D1BF57289970AB00E35E4C /* DetailViewModel.swift */ = {isa = PBXFileReference; lastKnownFileType = sourcecode.swift; path = DetailViewModel.swift; sourceTree = "<group>"; };
		AFD26788EEAED46F4EC6E5BD /* Pods-ToDoListSMD.debug.xcconfig */ = {isa = PBXFileReference; includeInIndex = 1; lastKnownFileType = text.xcconfig; name = "Pods-ToDoListSMD.debug.xcconfig"; path = "Target Support Files/Pods-ToDoListSMD/Pods-ToDoListSMD.debug.xcconfig"; sourceTree = "<group>"; };
		B1FA38321C0E492E419981FF /* Pods-ToDoListSMD-ToDoListSMDUITests.release.xcconfig */ = {isa = PBXFileReference; includeInIndex = 1; lastKnownFileType = text.xcconfig; name = "Pods-ToDoListSMD-ToDoListSMDUITests.release.xcconfig"; path = "Target Support Files/Pods-ToDoListSMD-ToDoListSMDUITests/Pods-ToDoListSMD-ToDoListSMDUITests.release.xcconfig"; sourceTree = "<group>"; };
		C4EEC9753A68041392ECFE22 /* Pods-ToDoListSMDTests.release.xcconfig */ = {isa = PBXFileReference; includeInIndex = 1; lastKnownFileType = text.xcconfig; name = "Pods-ToDoListSMDTests.release.xcconfig"; path = "Target Support Files/Pods-ToDoListSMDTests/Pods-ToDoListSMDTests.release.xcconfig"; sourceTree = "<group>"; };
		F6B68BE08F20D82F0D2A6CB1 /* Pods-ToDoListSMD.release.xcconfig */ = {isa = PBXFileReference; includeInIndex = 1; lastKnownFileType = text.xcconfig; name = "Pods-ToDoListSMD.release.xcconfig"; path = "Target Support Files/Pods-ToDoListSMD/Pods-ToDoListSMD.release.xcconfig"; sourceTree = "<group>"; };
/* End PBXFileReference section */

/* Begin PBXFrameworksBuildPhase section */
		A8C1801E289013120085E331 /* Frameworks */ = {
			isa = PBXFrameworksBuildPhase;
			buildActionMask = 2147483647;
			files = (
				7AE6E7DBBA1476AA4160246A /* Pods_ToDoListSMD.framework in Frameworks */,
			);
			runOnlyForDeploymentPostprocessing = 0;
		};
		A8C18034289013130085E331 /* Frameworks */ = {
			isa = PBXFrameworksBuildPhase;
			buildActionMask = 2147483647;
			files = (
				54B8EAC59D56319ACDF66A91 /* Pods_ToDoListSMDTests.framework in Frameworks */,
			);
			runOnlyForDeploymentPostprocessing = 0;
		};
		A8C1803E289013130085E331 /* Frameworks */ = {
			isa = PBXFrameworksBuildPhase;
			buildActionMask = 2147483647;
			files = (
				E29A392DAA26BB9F397BB2A5 /* Pods_ToDoListSMDUITests.framework in Frameworks */,
			);
			runOnlyForDeploymentPostprocessing = 0;
		};
/* End PBXFrameworksBuildPhase section */

/* Begin PBXGroup section */
		1C5FC9879D4B7B3C6F0388F5 /* Frameworks */ = {
			isa = PBXGroup;
			children = (
				8FF6337B9C557601BDC7AEEF /* Pods_ToDoListSMD.framework */,
				875CF0E35A34F8FCD8D084AC /* Pods_ToDoListSMDTests.framework */,
				10FA9730941CD45170F96F1E /* Pods_ToDoListSMDUITests.framework */,
			);
			name = Frameworks;
			sourceTree = "<group>";
		};
		A8A6E24C2896F89200CEFEEF /* ViewControllers */ = {
			isa = PBXGroup;
			children = (
				A8B5CE7A289FB15300F2CDFC /* ListScreen */,
				A8B5CE78289FB11600F2CDFC /* DetailScreen */,
			);
			path = ViewControllers;
			sourceTree = "<group>";
		};
		A8A6E24D2896F89200CEFEEF /* Views */ = {
			isa = PBXGroup;
			children = (
				A8B5CE7F289FB1F400F2CDFC /* ListScreen */,
				A8B5CE79289FB14300F2CDFC /* DetailScreen */,
			);
			path = Views;
			sourceTree = "<group>";
		};
		A8A6E2582896F8F800CEFEEF /* Extensions */ = {
			isa = PBXGroup;
			children = (
				A8ADE1CC289D8F65000FFBA3 /* Extension + UITableViewCell.swift */,
				A8ADE1D0289D99EB000FFBA3 /* Extension + UIFont.swift */,
				A8A6E2592896F8F800CEFEEF /* Extension + UIColor.swift */,
				A82056AB289FEBE100738AE1 /* Extension + UIImage.swift */,
				A8A6E25B28970F5300CEFEEF /* Extension + DateFormatter.swift */,
			);
			name = Extensions;
			path = ToDoListSMD/Extensions;
			sourceTree = SOURCE_ROOT;
		};
		A8ADE1C9289D8E8C000FFBA3 /* Helpers */ = {
			isa = PBXGroup;
			children = (
				A8ADE1CA289D8EA6000FFBA3 /* CellType.swift */,
				A8A253CF28A8057A0036A107 /* LogFormatter.swift */,
			);
			path = Helpers;
			sourceTree = "<group>";
		};
		A8B5CE78289FB11600F2CDFC /* DetailScreen */ = {
			isa = PBXGroup;
			children = (
				A8A6E2522896F89200CEFEEF /* DetailViewController.swift */,
				A8D1BF57289970AB00E35E4C /* DetailViewModel.swift */,
			);
			path = DetailScreen;
			sourceTree = "<group>";
		};
		A8B5CE79289FB14300F2CDFC /* DetailScreen */ = {
			isa = PBXGroup;
			children = (
				A8A6E2502896F89200CEFEEF /* BaseCell.swift */,
				A8A6E2512896F89200CEFEEF /* ImportanceCell.swift */,
				A8A6E24E2896F89200CEFEEF /* DeadLineCell.swift */,
				A8A6E24F2896F89200CEFEEF /* CalendarCell.swift */,
			);
			path = DetailScreen;
			sourceTree = "<group>";
		};
		A8B5CE7A289FB15300F2CDFC /* ListScreen */ = {
			isa = PBXGroup;
			children = (
				A8B5CE7B289FB19500F2CDFC /* ListViewController.swift */,
				A8B5CE7D289FB1E300F2CDFC /* ListViewModel.swift */,
			);
			path = ListScreen;
			sourceTree = "<group>";
		};
		A8B5CE7F289FB1F400F2CDFC /* ListScreen */ = {
			isa = PBXGroup;
			children = (
				A8B5CE80289FB21D00F2CDFC /* ListCell.swift */,
			);
			path = ListScreen;
			sourceTree = "<group>";
		};
		A8C18018289013110085E331 = {
			isa = PBXGroup;
			children = (
				A8C18023289013120085E331 /* ToDoListSMD */,
				A8C1803A289013130085E331 /* ToDoListSMDTests */,
				A8C18044289013130085E331 /* ToDoListSMDUITests */,
				A8C18022289013120085E331 /* Products */,
				BA6B095E6C7C848F06F98D7E /* Pods */,
				1C5FC9879D4B7B3C6F0388F5 /* Frameworks */,
			);
			sourceTree = "<group>";
		};
		A8C18022289013120085E331 /* Products */ = {
			isa = PBXGroup;
			children = (
				A8C18021289013120085E331 /* ToDoListSMD.app */,
				A8C18037289013130085E331 /* ToDoListSMDTests.xctest */,
				A8C18041289013130085E331 /* ToDoListSMDUITests.xctest */,
			);
			name = Products;
			sourceTree = "<group>";
		};
		A8C18023289013120085E331 /* ToDoListSMD */ = {
			isa = PBXGroup;
			children = (
				A8A6E24C2896F89200CEFEEF /* ViewControllers */,
				A8A6E24D2896F89200CEFEEF /* Views */,
				A8C1805A289014790085E331 /* Model */,
				A8C1805B289015050085E331 /* ServiceLayers */,
				A8ADE1C9289D8E8C000FFBA3 /* Helpers */,
				A8A6E2582896F8F800CEFEEF /* Extensions */,
				A8C18054289013D70085E331 /* App */,
				A8C18056289014090085E331 /* Resources */,
				A8C180582890142E0085E331 /* Storyboards */,
			);
			path = ToDoListSMD;
			sourceTree = "<group>";
		};
		A8C1803A289013130085E331 /* ToDoListSMDTests */ = {
			isa = PBXGroup;
			children = (
				A8C1803B289013130085E331 /* ToDoListSMDTests.swift */,
			);
			path = ToDoListSMDTests;
			sourceTree = "<group>";
		};
		A8C18044289013130085E331 /* ToDoListSMDUITests */ = {
			isa = PBXGroup;
			children = (
				A8C18045289013130085E331 /* ToDoListSMDUITests.swift */,
				A8C18047289013130085E331 /* ToDoListSMDUITestsLaunchTests.swift */,
			);
			path = ToDoListSMDUITests;
			sourceTree = "<group>";
		};
		A8C18054289013D70085E331 /* App */ = {
			isa = PBXGroup;
			children = (
				A8C18024289013120085E331 /* AppDelegate.swift */,
				A8C18032289013130085E331 /* Info.plist */,
			);
			path = App;
			sourceTree = "<group>";
		};
		A8C18056289014090085E331 /* Resources */ = {
			isa = PBXGroup;
			children = (
				A8C1802D289013130085E331 /* Assets.xcassets */,
			);
			path = Resources;
			sourceTree = "<group>";
		};
		A8C180582890142E0085E331 /* Storyboards */ = {
			isa = PBXGroup;
			children = (
				A8C1802F289013130085E331 /* LaunchScreen.storyboard */,
			);
			path = Storyboards;
			sourceTree = "<group>";
		};
		A8C1805A289014790085E331 /* Model */ = {
			isa = PBXGroup;
			children = (
				A8C1805C289017360085E331 /* TodoItem.swift */,
			);
			path = Model;
			sourceTree = "<group>";
		};
		A8C1805B289015050085E331 /* ServiceLayers */ = {
			isa = PBXGroup;
			children = (
				A87F2F33289113880079713C /* FileCache.swift */,
			);
			path = ServiceLayers;
			sourceTree = "<group>";
		};
		BA6B095E6C7C848F06F98D7E /* Pods */ = {
			isa = PBXGroup;
			children = (
				AFD26788EEAED46F4EC6E5BD /* Pods-ToDoListSMD.debug.xcconfig */,
				F6B68BE08F20D82F0D2A6CB1 /* Pods-ToDoListSMD.release.xcconfig */,
				5BE1A31868A90A926922E97F /* Pods-ToDoListSMD-ToDoListSMDUITests.debug.xcconfig */,
				B1FA38321C0E492E419981FF /* Pods-ToDoListSMD-ToDoListSMDUITests.release.xcconfig */,
				5F3B41E4EF19AB9DB721B80D /* Pods-ToDoListSMDTests.debug.xcconfig */,
				C4EEC9753A68041392ECFE22 /* Pods-ToDoListSMDTests.release.xcconfig */,
				174E55AAB9BB4CD59344C57C /* Pods-ToDoListSMDUITests.debug.xcconfig */,
				94AB854A0CBB2801E4F0E518 /* Pods-ToDoListSMDUITests.release.xcconfig */,
			);
			path = Pods;
			sourceTree = "<group>";
		};
/* End PBXGroup section */

/* Begin PBXNativeTarget section */
		A8C18020289013120085E331 /* ToDoListSMD */ = {
			isa = PBXNativeTarget;
			buildConfigurationList = A8C1804B289013130085E331 /* Build configuration list for PBXNativeTarget "ToDoListSMD" */;
			buildPhases = (
				D22999E792E603779B4277B3 /* [CP] Check Pods Manifest.lock */,
				A8A253CE28A7CF710036A107 /* ShellScript */,
				A8C1801D289013120085E331 /* Sources */,
				A8C1801E289013120085E331 /* Frameworks */,
				A8C1801F289013120085E331 /* Resources */,
				BB5295453018FC43142E080B /* [CP] Embed Pods Frameworks */,
			);
			buildRules = (
			);
			dependencies = (
			);
			name = ToDoListSMD;
			productName = ToDoListSMD;
			productReference = A8C18021289013120085E331 /* ToDoListSMD.app */;
			productType = "com.apple.product-type.application";
		};
		A8C18036289013130085E331 /* ToDoListSMDTests */ = {
			isa = PBXNativeTarget;
			buildConfigurationList = A8C1804E289013130085E331 /* Build configuration list for PBXNativeTarget "ToDoListSMDTests" */;
			buildPhases = (
				9D3C54B75CB25A46EA0FFE0E /* [CP] Check Pods Manifest.lock */,
				A8C18033289013130085E331 /* Sources */,
				A8C18034289013130085E331 /* Frameworks */,
				A8C18035289013130085E331 /* Resources */,
			);
			buildRules = (
			);
			dependencies = (
				A8C18039289013130085E331 /* PBXTargetDependency */,
			);
			name = ToDoListSMDTests;
			productName = ToDoListSMDTests;
			productReference = A8C18037289013130085E331 /* ToDoListSMDTests.xctest */;
			productType = "com.apple.product-type.bundle.unit-test";
		};
		A8C18040289013130085E331 /* ToDoListSMDUITests */ = {
			isa = PBXNativeTarget;
			buildConfigurationList = A8C18051289013130085E331 /* Build configuration list for PBXNativeTarget "ToDoListSMDUITests" */;
			buildPhases = (
				9EDF81BF6C6BFCA694C0FEFD /* [CP] Check Pods Manifest.lock */,
				A8C1803D289013130085E331 /* Sources */,
				A8C1803E289013130085E331 /* Frameworks */,
				A8C1803F289013130085E331 /* Resources */,
			);
			buildRules = (
			);
			dependencies = (
				A8C18043289013130085E331 /* PBXTargetDependency */,
			);
			name = ToDoListSMDUITests;
			productName = ToDoListSMDUITests;
			productReference = A8C18041289013130085E331 /* ToDoListSMDUITests.xctest */;
			productType = "com.apple.product-type.bundle.ui-testing";
		};
/* End PBXNativeTarget section */

/* Begin PBXProject section */
		A8C18019289013110085E331 /* Project object */ = {
			isa = PBXProject;
			attributes = {
				BuildIndependentTargetsInParallel = 1;
				LastSwiftUpdateCheck = 1340;
				LastUpgradeCheck = 1340;
				TargetAttributes = {
					A8C18020289013120085E331 = {
						CreatedOnToolsVersion = 13.4.1;
					};
					A8C18036289013130085E331 = {
						CreatedOnToolsVersion = 13.4.1;
						TestTargetID = A8C18020289013120085E331;
					};
					A8C18040289013130085E331 = {
						CreatedOnToolsVersion = 13.4.1;
						TestTargetID = A8C18020289013120085E331;
					};
				};
			};
			buildConfigurationList = A8C1801C289013120085E331 /* Build configuration list for PBXProject "ToDoListSMD" */;
			compatibilityVersion = "Xcode 13.0";
			developmentRegion = en;
			hasScannedForEncodings = 0;
			knownRegions = (
				en,
				Base,
			);
			mainGroup = A8C18018289013110085E331;
			productRefGroup = A8C18022289013120085E331 /* Products */;
			projectDirPath = "";
			projectRoot = "";
			targets = (
				A8C18020289013120085E331 /* ToDoListSMD */,
				A8C18036289013130085E331 /* ToDoListSMDTests */,
				A8C18040289013130085E331 /* ToDoListSMDUITests */,
			);
		};
/* End PBXProject section */

/* Begin PBXResourcesBuildPhase section */
		A8C1801F289013120085E331 /* Resources */ = {
			isa = PBXResourcesBuildPhase;
			buildActionMask = 2147483647;
			files = (
				A8C18031289013130085E331 /* LaunchScreen.storyboard in Resources */,
				A8C1802E289013130085E331 /* Assets.xcassets in Resources */,
			);
			runOnlyForDeploymentPostprocessing = 0;
		};
		A8C18035289013130085E331 /* Resources */ = {
			isa = PBXResourcesBuildPhase;
			buildActionMask = 2147483647;
			files = (
			);
			runOnlyForDeploymentPostprocessing = 0;
		};
		A8C1803F289013130085E331 /* Resources */ = {
			isa = PBXResourcesBuildPhase;
			buildActionMask = 2147483647;
			files = (
			);
			runOnlyForDeploymentPostprocessing = 0;
		};
/* End PBXResourcesBuildPhase section */

/* Begin PBXShellScriptBuildPhase section */
		9D3C54B75CB25A46EA0FFE0E /* [CP] Check Pods Manifest.lock */ = {
			isa = PBXShellScriptBuildPhase;
			buildActionMask = 2147483647;
			files = (
			);
			inputFileListPaths = (
			);
			inputPaths = (
				"${PODS_PODFILE_DIR_PATH}/Podfile.lock",
				"${PODS_ROOT}/Manifest.lock",
			);
			name = "[CP] Check Pods Manifest.lock";
			outputFileListPaths = (
			);
			outputPaths = (
				"$(DERIVED_FILE_DIR)/Pods-ToDoListSMDTests-checkManifestLockResult.txt",
			);
			runOnlyForDeploymentPostprocessing = 0;
			shellPath = /bin/sh;
			shellScript = "diff \"${PODS_PODFILE_DIR_PATH}/Podfile.lock\" \"${PODS_ROOT}/Manifest.lock\" > /dev/null\nif [ $? != 0 ] ; then\n    # print error to STDERR\n    echo \"error: The sandbox is not in sync with the Podfile.lock. Run 'pod install' or update your CocoaPods installation.\" >&2\n    exit 1\nfi\n# This output is used by Xcode 'outputs' to avoid re-running this script phase.\necho \"SUCCESS\" > \"${SCRIPT_OUTPUT_FILE_0}\"\n";
			showEnvVarsInLog = 0;
		};
		9EDF81BF6C6BFCA694C0FEFD /* [CP] Check Pods Manifest.lock */ = {
			isa = PBXShellScriptBuildPhase;
			buildActionMask = 2147483647;
			files = (
			);
			inputFileListPaths = (
			);
			inputPaths = (
				"${PODS_PODFILE_DIR_PATH}/Podfile.lock",
				"${PODS_ROOT}/Manifest.lock",
			);
			name = "[CP] Check Pods Manifest.lock";
			outputFileListPaths = (
			);
			outputPaths = (
				"$(DERIVED_FILE_DIR)/Pods-ToDoListSMDUITests-checkManifestLockResult.txt",
			);
			runOnlyForDeploymentPostprocessing = 0;
			shellPath = /bin/sh;
			shellScript = "diff \"${PODS_PODFILE_DIR_PATH}/Podfile.lock\" \"${PODS_ROOT}/Manifest.lock\" > /dev/null\nif [ $? != 0 ] ; then\n    # print error to STDERR\n    echo \"error: The sandbox is not in sync with the Podfile.lock. Run 'pod install' or update your CocoaPods installation.\" >&2\n    exit 1\nfi\n# This output is used by Xcode 'outputs' to avoid re-running this script phase.\necho \"SUCCESS\" > \"${SCRIPT_OUTPUT_FILE_0}\"\n";
			showEnvVarsInLog = 0;
		};
		A8A253CE28A7CF710036A107 /* ShellScript */ = {
			isa = PBXShellScriptBuildPhase;
			buildActionMask = 2147483647;
			files = (
			);
			inputFileListPaths = (
			);
			inputPaths = (
			);
			outputFileListPaths = (
			);
			outputPaths = (
			);
			runOnlyForDeploymentPostprocessing = 0;
			shellPath = /bin/sh;
			shellScript = "# Type a script or drag a script file from your workspace to insert its path.\n\"${PODS_ROOT}/SwiftLint/swiftlint\"\n";
		};
		BB5295453018FC43142E080B /* [CP] Embed Pods Frameworks */ = {
			isa = PBXShellScriptBuildPhase;
			buildActionMask = 2147483647;
			files = (
			);
			inputFileListPaths = (
				"${PODS_ROOT}/Target Support Files/Pods-ToDoListSMD/Pods-ToDoListSMD-frameworks-${CONFIGURATION}-input-files.xcfilelist",
			);
			name = "[CP] Embed Pods Frameworks";
			outputFileListPaths = (
				"${PODS_ROOT}/Target Support Files/Pods-ToDoListSMD/Pods-ToDoListSMD-frameworks-${CONFIGURATION}-output-files.xcfilelist",
			);
			runOnlyForDeploymentPostprocessing = 0;
			shellPath = /bin/sh;
			shellScript = "\"${PODS_ROOT}/Target Support Files/Pods-ToDoListSMD/Pods-ToDoListSMD-frameworks.sh\"\n";
			showEnvVarsInLog = 0;
		};
		D22999E792E603779B4277B3 /* [CP] Check Pods Manifest.lock */ = {
			isa = PBXShellScriptBuildPhase;
			buildActionMask = 2147483647;
			files = (
			);
			inputFileListPaths = (
			);
			inputPaths = (
				"${PODS_PODFILE_DIR_PATH}/Podfile.lock",
				"${PODS_ROOT}/Manifest.lock",
			);
			name = "[CP] Check Pods Manifest.lock";
			outputFileListPaths = (
			);
			outputPaths = (
				"$(DERIVED_FILE_DIR)/Pods-ToDoListSMD-checkManifestLockResult.txt",
			);
			runOnlyForDeploymentPostprocessing = 0;
			shellPath = /bin/sh;
			shellScript = "diff \"${PODS_PODFILE_DIR_PATH}/Podfile.lock\" \"${PODS_ROOT}/Manifest.lock\" > /dev/null\nif [ $? != 0 ] ; then\n    # print error to STDERR\n    echo \"error: The sandbox is not in sync with the Podfile.lock. Run 'pod install' or update your CocoaPods installation.\" >&2\n    exit 1\nfi\n# This output is used by Xcode 'outputs' to avoid re-running this script phase.\necho \"SUCCESS\" > \"${SCRIPT_OUTPUT_FILE_0}\"\n";
			showEnvVarsInLog = 0;
		};
/* End PBXShellScriptBuildPhase section */

/* Begin PBXSourcesBuildPhase section */
		A8C1801D289013120085E331 /* Sources */ = {
			isa = PBXSourcesBuildPhase;
			buildActionMask = 2147483647;
			files = (
				A8B5CE7C289FB19500F2CDFC /* ListViewController.swift in Sources */,
				A8C18025289013120085E331 /* AppDelegate.swift in Sources */,
				A87F2F34289113880079713C /* FileCache.swift in Sources */,
				A8B5CE81289FB21D00F2CDFC /* ListCell.swift in Sources */,
				A8A6E25A2896F8F800CEFEEF /* Extension + UIColor.swift in Sources */,
				A8C1805D289017360085E331 /* TodoItem.swift in Sources */,
				A8A6E2532896F89200CEFEEF /* DeadLineCell.swift in Sources */,
				A8A6E2562896F89200CEFEEF /* ImportanceCell.swift in Sources */,
				A8ADE1D1289D99EB000FFBA3 /* Extension + UIFont.swift in Sources */,
				A8A6E2552896F89200CEFEEF /* BaseCell.swift in Sources */,
				A8ADE1CD289D8F65000FFBA3 /* Extension + UITableViewCell.swift in Sources */,
				A8ADE1CB289D8EA6000FFBA3 /* CellType.swift in Sources */,
				A8A6E25C28970F5300CEFEEF /* Extension + DateFormatter.swift in Sources */,
				A8A6E2542896F89200CEFEEF /* CalendarCell.swift in Sources */,
				A8B5CE7E289FB1E300F2CDFC /* ListViewModel.swift in Sources */,
				A8A253D028A8057A0036A107 /* LogFormatter.swift in Sources */,
				A82056AC289FEBE100738AE1 /* Extension + UIImage.swift in Sources */,
				A8D1BF58289970AB00E35E4C /* DetailViewModel.swift in Sources */,
				A8A6E2572896F89200CEFEEF /* DetailViewController.swift in Sources */,
			);
			runOnlyForDeploymentPostprocessing = 0;
		};
		A8C18033289013130085E331 /* Sources */ = {
			isa = PBXSourcesBuildPhase;
			buildActionMask = 2147483647;
			files = (
				A8C1803C289013130085E331 /* ToDoListSMDTests.swift in Sources */,
			);
			runOnlyForDeploymentPostprocessing = 0;
		};
		A8C1803D289013130085E331 /* Sources */ = {
			isa = PBXSourcesBuildPhase;
			buildActionMask = 2147483647;
			files = (
				A8C18046289013130085E331 /* ToDoListSMDUITests.swift in Sources */,
				A8C18048289013130085E331 /* ToDoListSMDUITestsLaunchTests.swift in Sources */,
			);
			runOnlyForDeploymentPostprocessing = 0;
		};
/* End PBXSourcesBuildPhase section */

/* Begin PBXTargetDependency section */
		A8C18039289013130085E331 /* PBXTargetDependency */ = {
			isa = PBXTargetDependency;
			target = A8C18020289013120085E331 /* ToDoListSMD */;
			targetProxy = A8C18038289013130085E331 /* PBXContainerItemProxy */;
		};
		A8C18043289013130085E331 /* PBXTargetDependency */ = {
			isa = PBXTargetDependency;
			target = A8C18020289013120085E331 /* ToDoListSMD */;
			targetProxy = A8C18042289013130085E331 /* PBXContainerItemProxy */;
		};
/* End PBXTargetDependency section */

/* Begin PBXVariantGroup section */
		A8C1802F289013130085E331 /* LaunchScreen.storyboard */ = {
			isa = PBXVariantGroup;
			children = (
				A8C18030289013130085E331 /* Base */,
			);
			name = LaunchScreen.storyboard;
			sourceTree = "<group>";
		};
/* End PBXVariantGroup section */

/* Begin XCBuildConfiguration section */
		A8C18049289013130085E331 /* Debug */ = {
			isa = XCBuildConfiguration;
			buildSettings = {
				ALWAYS_SEARCH_USER_PATHS = NO;
				CLANG_ANALYZER_NONNULL = YES;
				CLANG_ANALYZER_NUMBER_OBJECT_CONVERSION = YES_AGGRESSIVE;
				CLANG_CXX_LANGUAGE_STANDARD = "gnu++17";
				CLANG_ENABLE_MODULES = YES;
				CLANG_ENABLE_OBJC_ARC = YES;
				CLANG_ENABLE_OBJC_WEAK = YES;
				CLANG_WARN_BLOCK_CAPTURE_AUTORELEASING = YES;
				CLANG_WARN_BOOL_CONVERSION = YES;
				CLANG_WARN_COMMA = YES;
				CLANG_WARN_CONSTANT_CONVERSION = YES;
				CLANG_WARN_DEPRECATED_OBJC_IMPLEMENTATIONS = YES;
				CLANG_WARN_DIRECT_OBJC_ISA_USAGE = YES_ERROR;
				CLANG_WARN_DOCUMENTATION_COMMENTS = YES;
				CLANG_WARN_EMPTY_BODY = YES;
				CLANG_WARN_ENUM_CONVERSION = YES;
				CLANG_WARN_INFINITE_RECURSION = YES;
				CLANG_WARN_INT_CONVERSION = YES;
				CLANG_WARN_NON_LITERAL_NULL_CONVERSION = YES;
				CLANG_WARN_OBJC_IMPLICIT_RETAIN_SELF = YES;
				CLANG_WARN_OBJC_LITERAL_CONVERSION = YES;
				CLANG_WARN_OBJC_ROOT_CLASS = YES_ERROR;
				CLANG_WARN_QUOTED_INCLUDE_IN_FRAMEWORK_HEADER = YES;
				CLANG_WARN_RANGE_LOOP_ANALYSIS = YES;
				CLANG_WARN_STRICT_PROTOTYPES = YES;
				CLANG_WARN_SUSPICIOUS_MOVE = YES;
				CLANG_WARN_UNGUARDED_AVAILABILITY = YES_AGGRESSIVE;
				CLANG_WARN_UNREACHABLE_CODE = YES;
				CLANG_WARN__DUPLICATE_METHOD_MATCH = YES;
				COPY_PHASE_STRIP = NO;
				DEBUG_INFORMATION_FORMAT = dwarf;
				ENABLE_STRICT_OBJC_MSGSEND = YES;
				ENABLE_TESTABILITY = YES;
				GCC_C_LANGUAGE_STANDARD = gnu11;
				GCC_DYNAMIC_NO_PIC = NO;
				GCC_NO_COMMON_BLOCKS = YES;
				GCC_OPTIMIZATION_LEVEL = 0;
				GCC_PREPROCESSOR_DEFINITIONS = (
					"DEBUG=1",
					"$(inherited)",
				);
				GCC_WARN_64_TO_32_BIT_CONVERSION = YES;
				GCC_WARN_ABOUT_RETURN_TYPE = YES_ERROR;
				GCC_WARN_UNDECLARED_SELECTOR = YES;
				GCC_WARN_UNINITIALIZED_AUTOS = YES_AGGRESSIVE;
				GCC_WARN_UNUSED_FUNCTION = YES;
				GCC_WARN_UNUSED_VARIABLE = YES;
				IPHONEOS_DEPLOYMENT_TARGET = 15.5;
				MTL_ENABLE_DEBUG_INFO = INCLUDE_SOURCE;
				MTL_FAST_MATH = YES;
				ONLY_ACTIVE_ARCH = YES;
				SDKROOT = iphoneos;
				SWIFT_ACTIVE_COMPILATION_CONDITIONS = DEBUG;
				SWIFT_OPTIMIZATION_LEVEL = "-Onone";
			};
			name = Debug;
		};
		A8C1804A289013130085E331 /* Release */ = {
			isa = XCBuildConfiguration;
			buildSettings = {
				ALWAYS_SEARCH_USER_PATHS = NO;
				CLANG_ANALYZER_NONNULL = YES;
				CLANG_ANALYZER_NUMBER_OBJECT_CONVERSION = YES_AGGRESSIVE;
				CLANG_CXX_LANGUAGE_STANDARD = "gnu++17";
				CLANG_ENABLE_MODULES = YES;
				CLANG_ENABLE_OBJC_ARC = YES;
				CLANG_ENABLE_OBJC_WEAK = YES;
				CLANG_WARN_BLOCK_CAPTURE_AUTORELEASING = YES;
				CLANG_WARN_BOOL_CONVERSION = YES;
				CLANG_WARN_COMMA = YES;
				CLANG_WARN_CONSTANT_CONVERSION = YES;
				CLANG_WARN_DEPRECATED_OBJC_IMPLEMENTATIONS = YES;
				CLANG_WARN_DIRECT_OBJC_ISA_USAGE = YES_ERROR;
				CLANG_WARN_DOCUMENTATION_COMMENTS = YES;
				CLANG_WARN_EMPTY_BODY = YES;
				CLANG_WARN_ENUM_CONVERSION = YES;
				CLANG_WARN_INFINITE_RECURSION = YES;
				CLANG_WARN_INT_CONVERSION = YES;
				CLANG_WARN_NON_LITERAL_NULL_CONVERSION = YES;
				CLANG_WARN_OBJC_IMPLICIT_RETAIN_SELF = YES;
				CLANG_WARN_OBJC_LITERAL_CONVERSION = YES;
				CLANG_WARN_OBJC_ROOT_CLASS = YES_ERROR;
				CLANG_WARN_QUOTED_INCLUDE_IN_FRAMEWORK_HEADER = YES;
				CLANG_WARN_RANGE_LOOP_ANALYSIS = YES;
				CLANG_WARN_STRICT_PROTOTYPES = YES;
				CLANG_WARN_SUSPICIOUS_MOVE = YES;
				CLANG_WARN_UNGUARDED_AVAILABILITY = YES_AGGRESSIVE;
				CLANG_WARN_UNREACHABLE_CODE = YES;
				CLANG_WARN__DUPLICATE_METHOD_MATCH = YES;
				COPY_PHASE_STRIP = NO;
				DEBUG_INFORMATION_FORMAT = "dwarf-with-dsym";
				ENABLE_NS_ASSERTIONS = NO;
				ENABLE_STRICT_OBJC_MSGSEND = YES;
				GCC_C_LANGUAGE_STANDARD = gnu11;
				GCC_NO_COMMON_BLOCKS = YES;
				GCC_WARN_64_TO_32_BIT_CONVERSION = YES;
				GCC_WARN_ABOUT_RETURN_TYPE = YES_ERROR;
				GCC_WARN_UNDECLARED_SELECTOR = YES;
				GCC_WARN_UNINITIALIZED_AUTOS = YES_AGGRESSIVE;
				GCC_WARN_UNUSED_FUNCTION = YES;
				GCC_WARN_UNUSED_VARIABLE = YES;
				IPHONEOS_DEPLOYMENT_TARGET = 15.5;
				MTL_ENABLE_DEBUG_INFO = NO;
				MTL_FAST_MATH = YES;
				SDKROOT = iphoneos;
				SWIFT_COMPILATION_MODE = wholemodule;
				SWIFT_OPTIMIZATION_LEVEL = "-O";
				VALIDATE_PRODUCT = YES;
			};
			name = Release;
		};
		A8C1804C289013130085E331 /* Debug */ = {
			isa = XCBuildConfiguration;
			baseConfigurationReference = AFD26788EEAED46F4EC6E5BD /* Pods-ToDoListSMD.debug.xcconfig */;
			buildSettings = {
				ASSETCATALOG_COMPILER_APPICON_NAME = AppIcon;
				ASSETCATALOG_COMPILER_GLOBAL_ACCENT_COLOR_NAME = AccentColor;
				CODE_SIGN_STYLE = Automatic;
				CURRENT_PROJECT_VERSION = 1;
				DEVELOPMENT_TEAM = 5SSHB4KN3U;
				GENERATE_INFOPLIST_FILE = YES;
				INFOPLIST_FILE = ToDoListSMD/App/Info.plist;
				INFOPLIST_KEY_UIApplicationSupportsIndirectInputEvents = YES;
				INFOPLIST_KEY_UILaunchStoryboardName = LaunchScreen;
				INFOPLIST_KEY_UISupportedInterfaceOrientations = UIInterfaceOrientationPortrait;
				INFOPLIST_KEY_UISupportedInterfaceOrientations_iPad = "UIInterfaceOrientationPortrait UIInterfaceOrientationPortraitUpsideDown UIInterfaceOrientationLandscapeLeft UIInterfaceOrientationLandscapeRight";
				INFOPLIST_KEY_UISupportedInterfaceOrientations_iPhone = "UIInterfaceOrientationPortrait UIInterfaceOrientationLandscapeLeft UIInterfaceOrientationLandscapeRight";
				IPHONEOS_DEPLOYMENT_TARGET = 14.0;
				LD_RUNPATH_SEARCH_PATHS = (
					"$(inherited)",
					"@executable_path/Frameworks",
				);
				MARKETING_VERSION = 1.0;
				PRODUCT_BUNDLE_IDENTIFIER = ru.kusakin.ToDoListSMD;
				PRODUCT_NAME = "$(TARGET_NAME)";
				SWIFT_EMIT_LOC_STRINGS = YES;
				SWIFT_VERSION = 5.0;
				TARGETED_DEVICE_FAMILY = 1;
			};
			name = Debug;
		};
		A8C1804D289013130085E331 /* Release */ = {
			isa = XCBuildConfiguration;
			baseConfigurationReference = F6B68BE08F20D82F0D2A6CB1 /* Pods-ToDoListSMD.release.xcconfig */;
			buildSettings = {
				ASSETCATALOG_COMPILER_APPICON_NAME = AppIcon;
				ASSETCATALOG_COMPILER_GLOBAL_ACCENT_COLOR_NAME = AccentColor;
				CODE_SIGN_STYLE = Automatic;
				CURRENT_PROJECT_VERSION = 1;
				DEVELOPMENT_TEAM = 5SSHB4KN3U;
				GENERATE_INFOPLIST_FILE = YES;
				INFOPLIST_FILE = ToDoListSMD/App/Info.plist;
				INFOPLIST_KEY_UIApplicationSupportsIndirectInputEvents = YES;
				INFOPLIST_KEY_UILaunchStoryboardName = LaunchScreen;
				INFOPLIST_KEY_UISupportedInterfaceOrientations = UIInterfaceOrientationPortrait;
				INFOPLIST_KEY_UISupportedInterfaceOrientations_iPad = "UIInterfaceOrientationPortrait UIInterfaceOrientationPortraitUpsideDown UIInterfaceOrientationLandscapeLeft UIInterfaceOrientationLandscapeRight";
				INFOPLIST_KEY_UISupportedInterfaceOrientations_iPhone = "UIInterfaceOrientationPortrait UIInterfaceOrientationLandscapeLeft UIInterfaceOrientationLandscapeRight";
				IPHONEOS_DEPLOYMENT_TARGET = 14.0;
				LD_RUNPATH_SEARCH_PATHS = (
					"$(inherited)",
					"@executable_path/Frameworks",
				);
				MARKETING_VERSION = 1.0;
				PRODUCT_BUNDLE_IDENTIFIER = ru.kusakin.ToDoListSMD;
				PRODUCT_NAME = "$(TARGET_NAME)";
				SWIFT_EMIT_LOC_STRINGS = YES;
				SWIFT_VERSION = 5.0;
				TARGETED_DEVICE_FAMILY = 1;
			};
			name = Release;
		};
		A8C1804F289013130085E331 /* Debug */ = {
			isa = XCBuildConfiguration;
			baseConfigurationReference = 5F3B41E4EF19AB9DB721B80D /* Pods-ToDoListSMDTests.debug.xcconfig */;
			buildSettings = {
				ALWAYS_EMBED_SWIFT_STANDARD_LIBRARIES = YES;
				BUNDLE_LOADER = "$(TEST_HOST)";
				CODE_SIGN_STYLE = Automatic;
				CURRENT_PROJECT_VERSION = 1;
				DEVELOPMENT_TEAM = 5SSHB4KN3U;
				GENERATE_INFOPLIST_FILE = YES;
				IPHONEOS_DEPLOYMENT_TARGET = 15.5;
				MARKETING_VERSION = 1.0;
				PRODUCT_BUNDLE_IDENTIFIER = ru.kusakin.ToDoListSMDTests;
				PRODUCT_NAME = "$(TARGET_NAME)";
				SWIFT_EMIT_LOC_STRINGS = NO;
				SWIFT_VERSION = 5.0;
				TARGETED_DEVICE_FAMILY = "1,2";
				TEST_HOST = "$(BUILT_PRODUCTS_DIR)/ToDoListSMD.app/ToDoListSMD";
			};
			name = Debug;
		};
		A8C18050289013130085E331 /* Release */ = {
			isa = XCBuildConfiguration;
			baseConfigurationReference = C4EEC9753A68041392ECFE22 /* Pods-ToDoListSMDTests.release.xcconfig */;
			buildSettings = {
				ALWAYS_EMBED_SWIFT_STANDARD_LIBRARIES = YES;
				BUNDLE_LOADER = "$(TEST_HOST)";
				CODE_SIGN_STYLE = Automatic;
				CURRENT_PROJECT_VERSION = 1;
				DEVELOPMENT_TEAM = 5SSHB4KN3U;
				GENERATE_INFOPLIST_FILE = YES;
				IPHONEOS_DEPLOYMENT_TARGET = 15.5;
				MARKETING_VERSION = 1.0;
				PRODUCT_BUNDLE_IDENTIFIER = ru.kusakin.ToDoListSMDTests;
				PRODUCT_NAME = "$(TARGET_NAME)";
				SWIFT_EMIT_LOC_STRINGS = NO;
				SWIFT_VERSION = 5.0;
				TARGETED_DEVICE_FAMILY = "1,2";
				TEST_HOST = "$(BUILT_PRODUCTS_DIR)/ToDoListSMD.app/ToDoListSMD";
			};
			name = Release;
		};
		A8C18052289013130085E331 /* Debug */ = {
			isa = XCBuildConfiguration;
			baseConfigurationReference = 174E55AAB9BB4CD59344C57C /* Pods-ToDoListSMDUITests.debug.xcconfig */;
			buildSettings = {
				ALWAYS_EMBED_SWIFT_STANDARD_LIBRARIES = YES;
				CODE_SIGN_STYLE = Automatic;
				CURRENT_PROJECT_VERSION = 1;
				DEVELOPMENT_TEAM = 5SSHB4KN3U;
				GENERATE_INFOPLIST_FILE = YES;
				MARKETING_VERSION = 1.0;
				PRODUCT_BUNDLE_IDENTIFIER = ru.kusakin.ToDoListSMDUITests;
				PRODUCT_NAME = "$(TARGET_NAME)";
				SWIFT_EMIT_LOC_STRINGS = NO;
				SWIFT_VERSION = 5.0;
				TARGETED_DEVICE_FAMILY = "1,2";
				TEST_TARGET_NAME = ToDoListSMD;
			};
			name = Debug;
		};
		A8C18053289013130085E331 /* Release */ = {
			isa = XCBuildConfiguration;
			baseConfigurationReference = 94AB854A0CBB2801E4F0E518 /* Pods-ToDoListSMDUITests.release.xcconfig */;
			buildSettings = {
				ALWAYS_EMBED_SWIFT_STANDARD_LIBRARIES = YES;
				CODE_SIGN_STYLE = Automatic;
				CURRENT_PROJECT_VERSION = 1;
				DEVELOPMENT_TEAM = 5SSHB4KN3U;
				GENERATE_INFOPLIST_FILE = YES;
				MARKETING_VERSION = 1.0;
				PRODUCT_BUNDLE_IDENTIFIER = ru.kusakin.ToDoListSMDUITests;
				PRODUCT_NAME = "$(TARGET_NAME)";
				SWIFT_EMIT_LOC_STRINGS = NO;
				SWIFT_VERSION = 5.0;
				TARGETED_DEVICE_FAMILY = "1,2";
				TEST_TARGET_NAME = ToDoListSMD;
			};
			name = Release;
		};
/* End XCBuildConfiguration section */

/* Begin XCConfigurationList section */
		A8C1801C289013120085E331 /* Build configuration list for PBXProject "ToDoListSMD" */ = {
			isa = XCConfigurationList;
			buildConfigurations = (
				A8C18049289013130085E331 /* Debug */,
				A8C1804A289013130085E331 /* Release */,
			);
			defaultConfigurationIsVisible = 0;
			defaultConfigurationName = Release;
		};
		A8C1804B289013130085E331 /* Build configuration list for PBXNativeTarget "ToDoListSMD" */ = {
			isa = XCConfigurationList;
			buildConfigurations = (
				A8C1804C289013130085E331 /* Debug */,
				A8C1804D289013130085E331 /* Release */,
			);
			defaultConfigurationIsVisible = 0;
			defaultConfigurationName = Release;
		};
		A8C1804E289013130085E331 /* Build configuration list for PBXNativeTarget "ToDoListSMDTests" */ = {
			isa = XCConfigurationList;
			buildConfigurations = (
				A8C1804F289013130085E331 /* Debug */,
				A8C18050289013130085E331 /* Release */,
			);
			defaultConfigurationIsVisible = 0;
			defaultConfigurationName = Release;
		};
		A8C18051289013130085E331 /* Build configuration list for PBXNativeTarget "ToDoListSMDUITests" */ = {
			isa = XCConfigurationList;
			buildConfigurations = (
				A8C18052289013130085E331 /* Debug */,
				A8C18053289013130085E331 /* Release */,
			);
			defaultConfigurationIsVisible = 0;
			defaultConfigurationName = Release;
		};
/* End XCConfigurationList section */
	};
	rootObject = A8C18019289013110085E331 /* Project object */;
}
