PODS:
  - CocoaLumberjack/Core (3.7.0)
  - CocoaLumberjack/Swift (3.7.0):
    - CocoaLumberjack/Core
  - SwiftLint (0.46.2)

DEPENDENCIES:
  - CocoaLumberjack/Swift (= 3.7)
  - SwiftLint (= 0.46.2)

SPEC REPOS:
  trunk:
    - CocoaLumberjack
    - SwiftLint

SPEC CHECKSUMS:
  CocoaLumberjack: e8955b9d337ac307103b0a34fd141c32f27e53c5
  SwiftLint: 6bc52a21f0fd44cab9aa2dc8e534fb9f5e3ec507

PODFILE CHECKSUM: d429fb73b681722bafc93147fbcc7e827f8d9bc5

COCOAPODS: 1.11.3
